{
  "nodes": {
    "base16-schemes": {
      "flake": false,
      "locked": {
        "lastModified": 1696158499,
        "narHash": "sha256-5yIHgDTPjoX/3oDEfLSQ0eJZdFL1SaCfb9d6M0RmOTM=",
        "owner": "tinted-theming",
        "repo": "base16-schemes",
        "rev": "a9112eaae86d9dd8ee6bb9445b664fba2f94037a",
        "type": "github"
      },
      "original": {
        "owner": "tinted-theming",
        "repo": "base16-schemes",
        "type": "github"
      }
    },
    "flake-parts": {
      "inputs": {
        "nixpkgs-lib": "nixpkgs-lib"
      },
      "locked": {
        "lastModified": 1765495779,
        "narHash": "sha256-MhA7wmo/7uogLxiewwRRmIax70g6q1U/YemqTGoFHlM=",
        "owner": "hercules-ci",
        "repo": "flake-parts",
        "rev": "5635c32d666a59ec9a55cab87e898889869f7b71",
        "type": "github"
      },
      "original": {
        "owner": "hercules-ci",
        "repo": "flake-parts",
        "type": "github"
      }
    },
    "flake-utils": {
      "inputs": {
        "systems": [
          "treefmt-conf",
          "systems"
        ]
      },
      "locked": {
        "lastModified": 1731533236,
        "narHash": "sha256-l0KFg5HjrsfsO/JpG+r7fRrqm12kzFHyUHqHCVpMMbI=",
        "owner": "numtide",
        "repo": "flake-utils",
        "rev": "11707dc2f618dd54ca8739b309ec4fc024de578b",
        "type": "github"
      },
      "original": {
        "owner": "numtide",
        "repo": "flake-utils",
        "type": "github"
      }
    },
    "home-manager": {
      "inputs": {
        "nixpkgs": [
          "nixpkgs"
        ]
      },
      "locked": {
        "lastModified": 1765682243,
        "narHash": "sha256-yeCxFV/905Wr91yKt5zrVvK6O2CVXWRMSrxqlAZnLp0=",
        "owner": "nix-community",
        "repo": "home-manager",
        "rev": "58bf3ecb2d0bba7bdf363fc8a6c4d49b4d509d03",
        "type": "github"
      },
      "original": {
        "owner": "nix-community",
        "repo": "home-manager",
        "type": "github"
      }
    },
    "nix-colors": {
      "inputs": {
        "base16-schemes": "base16-schemes",
        "nixpkgs-lib": "nixpkgs-lib_2"
      },
      "locked": {
        "lastModified": 1707825078,
        "narHash": "sha256-hTfge2J2W+42SZ7VHXkf4kjU+qzFqPeC9k66jAUBMHk=",
        "owner": "Misterio77",
        "repo": "nix-colors",
        "rev": "b01f024090d2c4fc3152cd0cf12027a7b8453ba1",
        "type": "github"
      },
      "original": {
        "owner": "Misterio77",
        "repo": "nix-colors",
        "type": "github"
      }
    },
    "nixpkgs": {
      "locked": {
        "lastModified": 1765472234,
        "narHash": "sha256-9VvC20PJPsleGMewwcWYKGzDIyjckEz8uWmT0vCDYK0=",
        "owner": "nixOS",
        "repo": "nixpkgs",
        "rev": "2fbfb1d73d239d2402a8fe03963e37aab15abe8b",
        "type": "github"
      },
      "original": {
        "owner": "nixOS",
        "ref": "nixos-unstable",
        "repo": "nixpkgs",
        "type": "github"
      }
    },
    "nixpkgs-lib": {
      "locked": {
        "lastModified": 1761765539,
        "narHash": "sha256-b0yj6kfvO8ApcSE+QmA6mUfu8IYG6/uU28OFn4PaC8M=",
        "owner": "nix-community",
        "repo": "nixpkgs.lib",
        "rev": "719359f4562934ae99f5443f20aa06c2ffff91fc",
        "type": "github"
      },
      "original": {
        "owner": "nix-community",
        "repo": "nixpkgs.lib",
        "type": "github"
      }
    },
    "nixpkgs-lib_2": {
      "locked": {
        "lastModified": 1697935651,
        "narHash": "sha256-qOfWjQ2JQSQL15KLh6D7xQhx0qgZlYZTYlcEiRuAMMw=",
        "owner": "nix-community",
        "repo": "nixpkgs.lib",
        "rev": "e1e11fdbb01113d85c7f41cada9d2847660e3902",
        "type": "github"
      },
      "original": {
        "owner": "nix-community",
        "repo": "nixpkgs.lib",
        "type": "github"
      }
    },
    "nixpkgs-stable": {
      "locked": {
        "lastModified": 1765608474,
        "narHash": "sha256-9Wx53UK0z8Di5iesJID0tS1dRKwGxI4i7tsSanOHhF0=",
        "owner": "nixos",
        "repo": "nixpkgs",
        "rev": "28bb483c11a1214a73f9fd2d9928a6e2ea86ec71",
        "type": "github"
      },
      "original": {
        "owner": "nixos",
        "ref": "nixos-25.11",
        "repo": "nixpkgs",
        "type": "github"
      }
    },
    "nixpkgs_2": {
      "locked": {
        "lastModified": 1761236834,
        "narHash": "sha256-+pthv6hrL5VLW2UqPdISGuLiUZ6SnAXdd2DdUE+fV2Q=",
        "owner": "nixos",
        "repo": "nixpkgs",
        "rev": "d5faa84122bc0a1fd5d378492efce4e289f8eac1",
        "type": "github"
      },
      "original": {
        "owner": "nixos",
        "ref": "nixpkgs-unstable",
        "repo": "nixpkgs",
        "type": "github"
      }
    },
    "root": {
      "inputs": {
        "flake-parts": "flake-parts",
        "home-manager": "home-manager",
        "nix-colors": "nix-colors",
        "nixpkgs": "nixpkgs",
        "nixpkgs-stable": "nixpkgs-stable",
        "system-manager": "system-manager",
        "treefmt-conf": "treefmt-conf"
      }
    },
    "system-manager": {
      "inputs": {
        "nixpkgs": [
          "nixpkgs"
        ]
      },
      "locked": {
        "lastModified": 1765536359,
        "narHash": "sha256-PJX/Zrmi29lWkznqQS1BnqgBqSBG+Jnpp+kRSWri41M=",
        "owner": "numtide",
        "repo": "system-manager",
        "rev": "a015a476120dc741200213ac8dd1556fc25bac9e",
        "type": "github"
      },
      "original": {
        "owner": "numtide",
        "repo": "system-manager",
        "type": "github"
      }
    },
    "systems": {
      "locked": {
        "lastModified": 1742830553,
        "narHash": "sha256-I1BUioTi7BrADr0ZYC3ywEBp+RBQrNp4cUMyA0y5V2M=",
        "owner": "vpayno",
        "repo": "nix-systems-default",
        "rev": "ceefe711240012803f168f271a2aae7c1c3653cf",
        "type": "github"
      },
      "original": {
        "owner": "vpayno",
        "repo": "nix-systems-default",
        "type": "github"
      }
    },
    "treefmt-conf": {
      "inputs": {
        "flake-utils": "flake-utils",
        "nixpkgs": [
          "nixpkgs"
        ],
        "systems": "systems",
        "treefmt-nix": "treefmt-nix"
      },
      "locked": {
        "lastModified": 1762536568,
        "narHash": "sha256-/myG8jYyqRkPGKG7tnmgqWtQAjVfAdx+47aMACInGbk=",
        "owner": "vpayno",
        "repo": "nix-treefmt-conf",
        "rev": "3aed6b660adb213639d00fac6531e33a242c10db",
        "type": "github"
      },
      "original": {
        "owner": "vpayno",
        "repo": "nix-treefmt-conf",
        "type": "github"
      }
    },
    "treefmt-nix": {
      "inputs": {
        "nixpkgs": "nixpkgs_2"
      },
      "locked": {
        "lastModified": 1762410071,
        "narHash": "sha256-aF5fvoZeoXNPxT0bejFUBXeUjXfHLSL7g+mjR/p5TEg=",
        "owner": "numtide",
        "repo": "treefmt-nix",
        "rev": "97a30861b13c3731a84e09405414398fbf3e109f",
        "type": "github"
      },
      "original": {
        "owner": "numtide",
        "repo": "treefmt-nix",
        "type": "github"
      }
    }
  },
  "root": "root",
  "version": 7
}
